// !$*UTF8*$!
{
	archiveVersion = 1;
	classes = {
	};
	objectVersion = 46;
	objects = {

/* Begin PBXBuildFile section */
		546318DF1DE545F9005A3F4C /* main.m in Sources */ = {isa = PBXBuildFile; fileRef = 546318DE1DE545F9005A3F4C /* main.m */; };
		546318E21DE545F9005A3F4C /* AppDelegate.m in Sources */ = {isa = PBXBuildFile; fileRef = 546318E11DE545F9005A3F4C /* AppDelegate.m */; };
		546318E51DE545F9005A3F4C /* ViewController.m in Sources */ = {isa = PBXBuildFile; fileRef = 546318E41DE545F9005A3F4C /* ViewController.m */; };
		546318E81DE545F9005A3F4C /* Main.storyboard in Resources */ = {isa = PBXBuildFile; fileRef = 546318E61DE545F9005A3F4C /* Main.storyboard */; };
		546318EA1DE545F9005A3F4C /* Assets.xcassets in Resources */ = {isa = PBXBuildFile; fileRef = 546318E91DE545F9005A3F4C /* Assets.xcassets */; };
		546318ED1DE545F9005A3F4C /* LaunchScreen.storyboard in Resources */ = {isa = PBXBuildFile; fileRef = 546318EB1DE545F9005A3F4C /* LaunchScreen.storyboard */; };
		546318F71DE546B9005A3F4C /* LoginNetworkService.m in Sources */ = {isa = PBXBuildFile; fileRef = 546318F61DE546B9005A3F4C /* LoginNetworkService.m */; };
		546318FC1DE54981005A3F4C /* Foundation.framework in Frameworks */ = {isa = PBXBuildFile; fileRef = 546318FB1DE54981005A3F4C /* Foundation.framework */; };
/* End PBXBuildFile section */

/* Begin PBXFileReference section */
		546318DA1DE545F9005A3F4C /* Chair.app */ = {isa = PBXFileReference; explicitFileType = wrapper.application; includeInIndex = 0; path = Chair.app; sourceTree = BUILT_PRODUCTS_DIR; };
		546318DE1DE545F9005A3F4C /* main.m */ = {isa = PBXFileReference; lastKnownFileType = sourcecode.c.objc; path = main.m; sourceTree = "<group>"; };
		546318E01DE545F9005A3F4C /* AppDelegate.h */ = {isa = PBXFileReference; lastKnownFileType = sourcecode.c.h; path = AppDelegate.h; sourceTree = "<group>"; };
		546318E11DE545F9005A3F4C /* AppDelegate.m */ = {isa = PBXFileReference; lastKnownFileType = sourcecode.c.objc; path = AppDelegate.m; sourceTree = "<group>"; };
		546318E31DE545F9005A3F4C /* ViewController.h */ = {isa = PBXFileReference; lastKnownFileType = sourcecode.c.h; path = ViewController.h; sourceTree = "<group>"; };
		546318E41DE545F9005A3F4C /* ViewController.m */ = {isa = PBXFileReference; lastKnownFileType = sourcecode.c.objc; path = ViewController.m; sourceTree = "<group>"; };
		546318E71DE545F9005A3F4C /* Base */ = {isa = PBXFileReference; lastKnownFileType = file.storyboard; name = Base; path = Base.lproj/Main.storyboard; sourceTree = "<group>"; };
		546318E91DE545F9005A3F4C /* Assets.xcassets */ = {isa = PBXFileReference; lastKnownFileType = folder.assetcatalog; path = Assets.xcassets; sourceTree = "<group>"; };
		546318EC1DE545F9005A3F4C /* Base */ = {isa = PBXFileReference; lastKnownFileType = file.storyboard; name = Base; path = Base.lproj/LaunchScreen.storyboard; sourceTree = "<group>"; };
		546318EE1DE545F9005A3F4C /* Info.plist */ = {isa = PBXFileReference; lastKnownFileType = text.plist.xml; path = Info.plist; sourceTree = "<group>"; };
		546318F51DE546B9005A3F4C /* LoginNetworkService.h */ = {isa = PBXFileReference; fileEncoding = 4; lastKnownFileType = sourcecode.c.h; path = LoginNetworkService.h; sourceTree = "<group>"; };
		546318F61DE546B9005A3F4C /* LoginNetworkService.m */ = {isa = PBXFileReference; fileEncoding = 4; lastKnownFileType = sourcecode.c.objc; path = LoginNetworkService.m; sourceTree = "<group>"; };
		546318FB1DE54981005A3F4C /* Foundation.framework */ = {isa = PBXFileReference; lastKnownFileType = wrapper.framework; name = Foundation.framework; path = System/Library/Frameworks/Foundation.framework; sourceTree = SDKROOT; };
/* End PBXFileReference section */

/* Begin PBXFrameworksBuildPhase section */
		546318D71DE545F9005A3F4C /* Frameworks */ = {
			isa = PBXFrameworksBuildPhase;
			buildActionMask = 2147483647;
			files = (
				546318FC1DE54981005A3F4C /* Foundation.framework in Frameworks */,
			);
			runOnlyForDeploymentPostprocessing = 0;
		};
/* End PBXFrameworksBuildPhase section */

/* Begin PBXGroup section */
		546318D11DE545F9005A3F4C = {
			isa = PBXGroup;
			children = (
				546318DC1DE545F9005A3F4C /* Chair */,
				546318DB1DE545F9005A3F4C /* Products */,
				546318FA1DE54980005A3F4C /* Frameworks */,
			);
			sourceTree = "<group>";
		};
		546318DB1DE545F9005A3F4C /* Products */ = {
			isa = PBXGroup;
			children = (
				546318DA1DE545F9005A3F4C /* Chair.app */,
			);
			name = Products;
			sourceTree = "<group>";
		};
		546318DC1DE545F9005A3F4C /* Chair */ = {
			isa = PBXGroup;
			children = (
				546318E01DE545F9005A3F4C /* AppDelegate.h */,
				546318E11DE545F9005A3F4C /* AppDelegate.m */,
				546318E31DE545F9005A3F4C /* ViewController.h */,
				546318E41DE545F9005A3F4C /* ViewController.m */,
				546318F41DE5467A005A3F4C /* Network */,
				546318E61DE545F9005A3F4C /* Main.storyboard */,
				546318E91DE545F9005A3F4C /* Assets.xcassets */,
				546318EB1DE545F9005A3F4C /* LaunchScreen.storyboard */,
				546318EE1DE545F9005A3F4C /* Info.plist */,
				546318DD1DE545F9005A3F4C /* Supporting Files */,
			);
			path = Chair;
			sourceTree = "<group>";
		};
		546318DD1DE545F9005A3F4C /* Supporting Files */ = {
			isa = PBXGroup;
			children = (
				546318DE1DE545F9005A3F4C /* main.m */,
			);
			name = "Supporting Files";
			sourceTree = "<group>";
		};
		546318F41DE5467A005A3F4C /* Network */ = {
			isa = PBXGroup;
			children = (
				546318F51DE546B9005A3F4C /* LoginNetworkService.h */,
				546318F61DE546B9005A3F4C /* LoginNetworkService.m */,
			);
			name = Network;
			sourceTree = "<group>";
		};
		546318FA1DE54980005A3F4C /* Frameworks */ = {
			isa = PBXGroup;
			children = (
				546318FB1DE54981005A3F4C /* Foundation.framework */,
			);
			name = Frameworks;
			sourceTree = "<group>";
		};
/* End PBXGroup section */

/* Begin PBXNativeTarget section */
		546318D91DE545F9005A3F4C /* Chair */ = {
			isa = PBXNativeTarget;
			buildConfigurationList = 546318F11DE545F9005A3F4C /* Build configuration list for PBXNativeTarget "Chair" */;
			buildPhases = (
				546318D61DE545F9005A3F4C /* Sources */,
				546318D71DE545F9005A3F4C /* Frameworks */,
				546318D81DE545F9005A3F4C /* Resources */,
			);
			buildRules = (
			);
			dependencies = (
			);
			name = Chair;
			productName = Chair;
			productReference = 546318DA1DE545F9005A3F4C /* Chair.app */;
			productType = "com.apple.product-type.application";
		};
/* End PBXNativeTarget section */

/* Begin PBXProject section */
		546318D21DE545F9005A3F4C /* Project object */ = {
			isa = PBXProject;
			attributes = {
				LastUpgradeCheck = 0810;
				ORGANIZATIONNAME = "최원영";
				TargetAttributes = {
					546318D91DE545F9005A3F4C = {
						CreatedOnToolsVersion = 8.0;
						DevelopmentTeam = CBHNBA65SH;
						ProvisioningStyle = Automatic;
					};
				};
			};
			buildConfigurationList = 546318D51DE545F9005A3F4C /* Build configuration list for PBXProject "Chair" */;
			compatibilityVersion = "Xcode 3.2";
			developmentRegion = English;
			hasScannedForEncodings = 0;
			knownRegions = (
				en,
				Base,
			);
			mainGroup = 546318D11DE545F9005A3F4C;
			productRefGroup = 546318DB1DE545F9005A3F4C /* Products */;
			projectDirPath = "";
			projectRoot = "";
			targets = (
				546318D91DE545F9005A3F4C /* Chair */,
			);
		};
/* End PBXProject section */

/* Begin PBXResourcesBuildPhase section */
		546318D81DE545F9005A3F4C /* Resources */ = {
			isa = PBXResourcesBuildPhase;
			buildActionMask = 2147483647;
			files = (
				546318ED1DE545F9005A3F4C /* LaunchScreen.storyboard in Resources */,
				546318EA1DE545F9005A3F4C /* Assets.xcassets in Resources */,
				546318E81DE545F9005A3F4C /* Main.storyboard in Resources */,
			);
			runOnlyForDeploymentPostprocessing = 0;
		};
/* End PBXResourcesBuildPhase section */

/* Begin PBXSourcesBuildPhase section */
		546318D61DE545F9005A3F4C /* Sources */ = {
			isa = PBXSourcesBuildPhase;
			buildActionMask = 2147483647;
			files = (
				546318F71DE546B9005A3F4C /* LoginNetworkService.m in Sources */,
				546318E51DE545F9005A3F4C /* ViewController.m in Sources */,
				546318E21DE545F9005A3F4C /* AppDelegate.m in Sources */,
				546318DF1DE545F9005A3F4C /* main.m in Sources */,
			);
			runOnlyForDeploymentPostprocessing = 0;
		};
/* End PBXSourcesBuildPhase section */

/* Begin PBXVariantGroup section */
		546318E61DE545F9005A3F4C /* Main.storyboard */ = {
			isa = PBXVariantGroup;
			children = (
				546318E71DE545F9005A3F4C /* Base */,
			);
			name = Main.storyboard;
			sourceTree = "<group>";
		};
		546318EB1DE545F9005A3F4C /* LaunchScreen.storyboard */ = {
			isa = PBXVariantGroup;
			children = (
				546318EC1DE545F9005A3F4C /* Base */,
			);
			name = LaunchScreen.storyboard;
			sourceTree = "<group>";
		};
/* End PBXVariantGroup section */

/* Begin XCBuildConfiguration section */
		546318EF1DE545F9005A3F4C /* Debug */ = {
			isa = XCBuildConfiguration;
			buildSettings = {
				ALWAYS_SEARCH_USER_PATHS = NO;
				CLANG_ANALYZER_LOCALIZABILITY_NONLOCALIZED = YES;
				CLANG_ANALYZER_NONNULL = YES;
				CLANG_CXX_LANGUAGE_STANDARD = "gnu++0x";
				CLANG_CXX_LIBRARY = "libc++";
				CLANG_ENABLE_MODULES = YES;
				CLANG_ENABLE_OBJC_ARC = YES;
				CLANG_WARN_BOOL_CONVERSION = YES;
				CLANG_WARN_CONSTANT_CONVERSION = YES;
				CLANG_WARN_DIRECT_OBJC_ISA_USAGE = YES_ERROR;
				CLANG_WARN_DOCUMENTATION_COMMENTS = YES;
				CLANG_WARN_EMPTY_BODY = YES;
				CLANG_WARN_ENUM_CONVERSION = YES;
				CLANG_WARN_INFINITE_RECURSION = YES;
				CLANG_WARN_INT_CONVERSION = YES;
				CLANG_WARN_OBJC_ROOT_CLASS = YES_ERROR;
				CLANG_WARN_SUSPICIOUS_MOVE = YES;
				CLANG_WARN_SUSPICIOUS_MOVES = YES;
				CLANG_WARN_UNREACHABLE_CODE = YES;
				CLANG_WARN__DUPLICATE_METHOD_MATCH = YES;
				"CODE_SIGN_IDENTITY[sdk=iphoneos*]" = "iPhone Developer";
				COPY_PHASE_STRIP = NO;
				DEBUG_INFORMATION_FORMAT = dwarf;
				ENABLE_STRICT_OBJC_MSGSEND = YES;
				ENABLE_TESTABILITY = YES;
				GCC_C_LANGUAGE_STANDARD = gnu99;
				GCC_DYNAMIC_NO_PIC = NO;
				GCC_NO_COMMON_BLOCKS = YES;
				GCC_OPTIMIZATION_LEVEL = 0;
				GCC_PREPROCESSOR_DEFINITIONS = (
					"DEBUG=1",
					"$(inherited)",
				);
				GCC_WARN_64_TO_32_BIT_CONVERSION = YES;
				GCC_WARN_ABOUT_RETURN_TYPE = YES_ERROR;
				GCC_WARN_UNDECLARED_SELECTOR = YES;
				GCC_WARN_UNINITIALIZED_AUTOS = YES_AGGRESSIVE;
				GCC_WARN_UNUSED_FUNCTION = YES;
				GCC_WARN_UNUSED_VARIABLE = YES;
				IPHONEOS_DEPLOYMENT_TARGET = 10.0;
				MTL_ENABLE_DEBUG_INFO = YES;
				ONLY_ACTIVE_ARCH = YES;
				SDKROOT = iphoneos;
			};
			name = Debug;
		};
		546318F01DE545F9005A3F4C /* Release */ = {
			isa = XCBuildConfiguration;
			buildSettings = {
				ALWAYS_SEARCH_USER_PATHS = NO;
				CLANG_ANALYZER_LOCALIZABILITY_NONLOCALIZED = YES;
				CLANG_ANALYZER_NONNULL = YES;
				CLANG_CXX_LANGUAGE_STANDARD = "gnu++0x";
				CLANG_CXX_LIBRARY = "libc++";
				CLANG_ENABLE_MODULES = YES;
				CLANG_ENABLE_OBJC_ARC = YES;
				CLANG_WARN_BOOL_CONVERSION = YES;
				CLANG_WARN_CONSTANT_CONVERSION = YES;
				CLANG_WARN_DIRECT_OBJC_ISA_USAGE = YES_ERROR;
				CLANG_WARN_DOCUMENTATION_COMMENTS = YES;
				CLANG_WARN_EMPTY_BODY = YES;
				CLANG_WARN_ENUM_CONVERSION = YES;
				CLANG_WARN_INFINITE_RECURSION = YES;
				CLANG_WARN_INT_CONVERSION = YES;
				CLANG_WARN_OBJC_ROOT_CLASS = YES_ERROR;
				CLANG_WARN_SUSPICIOUS_MOVE = YES;
				CLANG_WARN_SUSPICIOUS_MOVES = YES;
				CLANG_WARN_UNREACHABLE_CODE = YES;
				CLANG_WARN__DUPLICATE_METHOD_MATCH = YES;
				"CODE_SIGN_IDENTITY[sdk=iphoneos*]" = "iPhone Developer";
				COPY_PHASE_STRIP = NO;
				DEBUG_INFORMATION_FORMAT = "dwarf-with-dsym";
				ENABLE_NS_ASSERTIONS = NO;
				ENABLE_STRICT_OBJC_MSGSEND = YES;
				GCC_C_LANGUAGE_STANDARD = gnu99;
				GCC_NO_COMMON_BLOCKS = YES;
				GCC_WARN_64_TO_32_BIT_CONVERSION = YES;
				GCC_WARN_ABOUT_RETURN_TYPE = YES_ERROR;
				GCC_WARN_UNDECLARED_SELECTOR = YES;
				GCC_WARN_UNINITIALIZED_AUTOS = YES_AGGRESSIVE;
				GCC_WARN_UNUSED_FUNCTION = YES;
				GCC_WARN_UNUSED_VARIABLE = YES;
				IPHONEOS_DEPLOYMENT_TARGET = 10.0;
				MTL_ENABLE_DEBUG_INFO = NO;
				SDKROOT = iphoneos;
				VALIDATE_PRODUCT = YES;
			};
			name = Release;
		};
		546318F21DE545F9005A3F4C /* Debug */ = {
			isa = XCBuildConfiguration;
			buildSettings = {
				ASSETCATALOG_COMPILER_APPICON_NAME = AppIcon;
				DEVELOPMENT_TEAM = CBHNBA65SH;
				INFOPLIST_FILE = Chair/Info.plist;
				IPHONEOS_DEPLOYMENT_TARGET = 9.0;
				LD_RUNPATH_SEARCH_PATHS = "$(inherited) @executable_path/Frameworks";
				PRODUCT_BUNDLE_IDENTIFIER = com.young.wychoi0709.Chair;
				PRODUCT_NAME = "$(TARGET_NAME)";
			};
			name = Debug;
		};
		546318F31DE545F9005A3F4C /* Release */ = {
			isa = XCBuildConfiguration;
			buildSettings = {
				ASSETCATALOG_COMPILER_APPICON_NAME = AppIcon;
				DEVELOPMENT_TEAM = CBHNBA65SH;
				INFOPLIST_FILE = Chair/Info.plist;
				IPHONEOS_DEPLOYMENT_TARGET = 9.0;
				LD_RUNPATH_SEARCH_PATHS = "$(inherited) @executable_path/Frameworks";
				PRODUCT_BUNDLE_IDENTIFIER = com.young.wychoi0709.Chair;
				PRODUCT_NAME = "$(TARGET_NAME)";
			};
			name = Release;
		};
/* End XCBuildConfiguration section */

/* Begin XCConfigurationList section */
		546318D51DE545F9005A3F4C /* Build configuration list for PBXProject "Chair" */ = {
			isa = XCConfigurationList;
			buildConfigurations = (
				546318EF1DE545F9005A3F4C /* Debug */,
				546318F01DE545F9005A3F4C /* Release */,
			);
			defaultConfigurationIsVisible = 0;
			defaultConfigurationName = Release;
		};
		546318F11DE545F9005A3F4C /* Build configuration list for PBXNativeTarget "Chair" */ = {
			isa = XCConfigurationList;
			buildConfigurations = (
				546318F21DE545F9005A3F4C /* Debug */,
				546318F31DE545F9005A3F4C /* Release */,
			);
			defaultConfigurationIsVisible = 0;
			defaultConfigurationName = Release;
		};
/* End XCConfigurationList section */
	};
	rootObject = 546318D21DE545F9005A3F4C /* Project object */;
}
