// !$*UTF8*$!
{
	archiveVersion = 1;
	classes = {
	};
	objectVersion = 46;
	objects = {

/* Begin PBXBuildFile section */
		1EA066A141E366C74B4EDB58 /* libPods-Chair.a in Frameworks */ = {isa = PBXBuildFile; fileRef = F1EC83188A38E86B2952270D /* libPods-Chair.a */; };
		546318DF1DE545F9005A3F4C /* main.m in Sources */ = {isa = PBXBuildFile; fileRef = 546318DE1DE545F9005A3F4C /* main.m */; };
		546318E21DE545F9005A3F4C /* AppDelegate.m in Sources */ = {isa = PBXBuildFile; fileRef = 546318E11DE545F9005A3F4C /* AppDelegate.m */; };
		546318E81DE545F9005A3F4C /* Main.storyboard in Resources */ = {isa = PBXBuildFile; fileRef = 546318E61DE545F9005A3F4C /* Main.storyboard */; };
		546318EA1DE545F9005A3F4C /* Assets.xcassets in Resources */ = {isa = PBXBuildFile; fileRef = 546318E91DE545F9005A3F4C /* Assets.xcassets */; };
		546318ED1DE545F9005A3F4C /* LaunchScreen.storyboard in Resources */ = {isa = PBXBuildFile; fileRef = 546318EB1DE545F9005A3F4C /* LaunchScreen.storyboard */; };
		546318F71DE546B9005A3F4C /* LoginNetworkService.m in Sources */ = {isa = PBXBuildFile; fileRef = 546318F61DE546B9005A3F4C /* LoginNetworkService.m */; };
		546318FC1DE54981005A3F4C /* Foundation.framework in Frameworks */ = {isa = PBXBuildFile; fileRef = 546318FB1DE54981005A3F4C /* Foundation.framework */; };
		6F0AC1601DFBD69000988A0F /* NotoSansKR-Bold-Hestia.otf in Resources */ = {isa = PBXBuildFile; fileRef = 6F0AC1591DFBD69000988A0F /* NotoSansKR-Bold-Hestia.otf */; };
		6F0AC1611DFBD69000988A0F /* NotoSansKR-DemiLight-Hestia.otf in Resources */ = {isa = PBXBuildFile; fileRef = 6F0AC15A1DFBD69000988A0F /* NotoSansKR-DemiLight-Hestia.otf */; };
		6F0AC1621DFBD69000988A0F /* NotoSansKR-Light-Hestia.otf in Resources */ = {isa = PBXBuildFile; fileRef = 6F0AC15B1DFBD69000988A0F /* NotoSansKR-Light-Hestia.otf */; };
		6F0AC1631DFBD69000988A0F /* NotoSansKR-Medium-Hestia.otf in Resources */ = {isa = PBXBuildFile; fileRef = 6F0AC15C1DFBD69000988A0F /* NotoSansKR-Medium-Hestia.otf */; };
		6F0AC1641DFBD69000988A0F /* NotoSansKR-Regular-Hestia.otf in Resources */ = {isa = PBXBuildFile; fileRef = 6F0AC15D1DFBD69000988A0F /* NotoSansKR-Regular-Hestia.otf */; };
		6F0AC1681DFBDC4B00988A0F /* SplashViewController.m in Sources */ = {isa = PBXBuildFile; fileRef = 6F0AC1671DFBDC4B00988A0F /* SplashViewController.m */; };
		6F0AC16C1DFBE01600988A0F /* LoginViewController.m in Sources */ = {isa = PBXBuildFile; fileRef = 6F0AC16B1DFBE01600988A0F /* LoginViewController.m */; };
		6F0C72C41E1D45B400995983 /* RankingBetterDesignerCollectionViewCell.m in Sources */ = {isa = PBXBuildFile; fileRef = 6F0C72C31E1D45B400995983 /* RankingBetterDesignerCollectionViewCell.m */; };
		6F0C72C71E1D45C500995983 /* RankingNormalDesignerCollectionViewCell.m in Sources */ = {isa = PBXBuildFile; fileRef = 6F0C72C61E1D45C500995983 /* RankingNormalDesignerCollectionViewCell.m */; };
		6F17829B1E4C2533002CA881 /* MyPageCustomerViewController.m in Sources */ = {isa = PBXBuildFile; fileRef = 6F17829A1E4C2533002CA881 /* MyPageCustomerViewController.m */; };
		6F192D881E62FCFC0002A0EB /* SocialLoginNetworkService.m in Sources */ = {isa = PBXBuildFile; fileRef = 6F192D871E62FCFC0002A0EB /* SocialLoginNetworkService.m */; };
		6F1BE7CE1E28D9D10094A55A /* DesignerListInALocation.m in Sources */ = {isa = PBXBuildFile; fileRef = 6F1BE7CD1E28D9D10094A55A /* DesignerListInALocation.m */; };
		6F1E12DB1EAB499200B19468 /* NameEditModalViewController.m in Sources */ = {isa = PBXBuildFile; fileRef = 6F1E12DA1EAB499200B19468 /* NameEditModalViewController.m */; };
		6F240CDE1E164062002C42EE /* ColorValue.m in Sources */ = {isa = PBXBuildFile; fileRef = 6F240CDD1E164062002C42EE /* ColorValue.m */; };
		6F26D6991E18C0E900F0C03E /* Location.m in Sources */ = {isa = PBXBuildFile; fileRef = 6F26D6981E18C0E900F0C03E /* Location.m */; };
		6F26D69C1E18CDE500F0C03E /* SignUpNetworkService.m in Sources */ = {isa = PBXBuildFile; fileRef = 6F26D69B1E18CDE500F0C03E /* SignUpNetworkService.m */; };
		6F26D6A31E19226E00F0C03E /* DesignerRankingViewController.m in Sources */ = {isa = PBXBuildFile; fileRef = 6F26D6A21E19226E00F0C03E /* DesignerRankingViewController.m */; };
		6F26D6A61E1922B400F0C03E /* SideMenuViewController.m in Sources */ = {isa = PBXBuildFile; fileRef = 6F26D6A51E1922B400F0C03E /* SideMenuViewController.m */; };
		6F3887261E6443C400D5B0DC /* GetPriceInfoOfDesigner.m in Sources */ = {isa = PBXBuildFile; fileRef = 6F3887251E6443C400D5B0DC /* GetPriceInfoOfDesigner.m */; };
		6F3896CA1ECD7763006B85C2 /* StyleWebViewController.m in Sources */ = {isa = PBXBuildFile; fileRef = 6F3896C91ECD7763006B85C2 /* StyleWebViewController.m */; };
		6F3B46E31E62A91A007ADAB4 /* MeasurementHelper.m in Sources */ = {isa = PBXBuildFile; fileRef = 6F3B46E21E62A91A007ADAB4 /* MeasurementHelper.m */; };
		6F3B46E61E62B0DB007ADAB4 /* CheckEmailFormatHelper.m in Sources */ = {isa = PBXBuildFile; fileRef = 6F3B46E51E62B0DB007ADAB4 /* CheckEmailFormatHelper.m */; };
		6F48C55A1E5573FC00105EF5 /* IsTempLocation.m in Sources */ = {isa = PBXBuildFile; fileRef = 6F48C5591E5573FC00105EF5 /* IsTempLocation.m */; };
		6F48C55D1E5576F700105EF5 /* EditMyPageNetworkService.m in Sources */ = {isa = PBXBuildFile; fileRef = 6F48C55C1E5576F700105EF5 /* EditMyPageNetworkService.m */; };
		6F4D72FF1E261A06005F3730 /* DesignerAddNetworkService.m in Sources */ = {isa = PBXBuildFile; fileRef = 6F4D72FE1E261A06005F3730 /* DesignerAddNetworkService.m */; };
		6F4D73021E2620B8005F3730 /* DesignerCancelNetworkService.m in Sources */ = {isa = PBXBuildFile; fileRef = 6F4D73011E2620B8005F3730 /* DesignerCancelNetworkService.m */; };
		6F4D73051E2631AD005F3730 /* ConfirmCancelAboutMyDesignerViewController.m in Sources */ = {isa = PBXBuildFile; fileRef = 6F4D73041E2631AD005F3730 /* ConfirmCancelAboutMyDesignerViewController.m */; };
		6F4F3A8A1E20C779005BF0B8 /* RankingSectionHeaderCollectionReusableView.m in Sources */ = {isa = PBXBuildFile; fileRef = 6F4F3A891E20C779005BF0B8 /* RankingSectionHeaderCollectionReusableView.m */; };
		6F516D4A1E69A37E0025BB96 /* GoogleService-Info.plist in Resources */ = {isa = PBXBuildFile; fileRef = 6F516D491E69A37E0025BB96 /* GoogleService-Info.plist */; };
		6F6983BB1E2A119C00B36365 /* GetMyDesignerListNetworkService.m in Sources */ = {isa = PBXBuildFile; fileRef = 6F6983BA1E2A119C00B36365 /* GetMyDesignerListNetworkService.m */; };
		6F6AE9381E654F8F00D76ED7 /* ChattingRoomViewController.m in Sources */ = {isa = PBXBuildFile; fileRef = 6F6AE9371E654F8F00D76ED7 /* ChattingRoomViewController.m */; };
		6F6AE93E1E6550DB00D76ED7 /* SendMessageCollectionViewCell.m in Sources */ = {isa = PBXBuildFile; fileRef = 6F6AE93D1E6550DB00D76ED7 /* SendMessageCollectionViewCell.m */; };
		6F6AE9411E6550EB00D76ED7 /* TakenMessgaeCollectionViewCell.m in Sources */ = {isa = PBXBuildFile; fileRef = 6F6AE9401E6550EB00D76ED7 /* TakenMessgaeCollectionViewCell.m */; };
		6F6E6BA21E8CC2E2009B4E0D /* CustomerListNetworkService.m in Sources */ = {isa = PBXBuildFile; fileRef = 6F6E6BA11E8CC2E2009B4E0D /* CustomerListNetworkService.m */; };
		6F7419F51E640451000CE39B /* DetailPriceDesignerCollectionViewCell.m in Sources */ = {isa = PBXBuildFile; fileRef = 6F7419F41E640451000CE39B /* DetailPriceDesignerCollectionViewCell.m */; };
		6F7419F81E640463000CE39B /* DetailPriceDesignerCollectionReusableView.m in Sources */ = {isa = PBXBuildFile; fileRef = 6F7419F71E640463000CE39B /* DetailPriceDesignerCollectionReusableView.m */; };
		6F7FA6971E8637A600398E02 /* BasicButton.m in Sources */ = {isa = PBXBuildFile; fileRef = 6F7FA6961E8637A600398E02 /* BasicButton.m */; };
		6F850B511E890FD600A72934 /* CustomerListModalViewController.m in Sources */ = {isa = PBXBuildFile; fileRef = 6F850B501E890FD600A72934 /* CustomerListModalViewController.m */; };
		6F94D6891E8BB46B0016893F /* CustomerListCollectionViewCell.m in Sources */ = {isa = PBXBuildFile; fileRef = 6F94D6881E8BB46B0016893F /* CustomerListCollectionViewCell.m */; };
		6F99B9761E5868D900DA0250 /* ImageResizeUtil.m in Sources */ = {isa = PBXBuildFile; fileRef = 6F99B9751E5868D900DA0250 /* ImageResizeUtil.m */; };
		6FC52D361E27817200221319 /* MyDesignerList.m in Sources */ = {isa = PBXBuildFile; fileRef = 6FC52D351E27817200221319 /* MyDesignerList.m */; };
		6FCABAD31E18072F0091ED9F /* LocationCollectionReusableView.m in Sources */ = {isa = PBXBuildFile; fileRef = 6FCABAD21E18072F0091ED9F /* LocationCollectionReusableView.m */; };
		6FCF1DF61E25489700CC91C6 /* FullChoiceAboutMyDesignerViewController.m in Sources */ = {isa = PBXBuildFile; fileRef = 6FCF1DF51E25489700CC91C6 /* FullChoiceAboutMyDesignerViewController.m */; };
		6FCF1DF91E2548C900CC91C6 /* ConfirmChoiceAboutMyDesignerViewController.m in Sources */ = {isa = PBXBuildFile; fileRef = 6FCF1DF81E2548C900CC91C6 /* ConfirmChoiceAboutMyDesignerViewController.m */; };
		6FD3A23C1E272EE20019123D /* DetailDesignerInfoViewController.m in Sources */ = {isa = PBXBuildFile; fileRef = 6FD3A23B1E272EE20019123D /* DetailDesignerInfoViewController.m */; };
		6FD633811E87802500040698 /* ChatInfoNetworkService.m in Sources */ = {isa = PBXBuildFile; fileRef = 6FD633801E87802500040698 /* ChatInfoNetworkService.m */; };
		6FD890D91E0A2822002F01C4 /* LocationSelectModalViewController.m in Sources */ = {isa = PBXBuildFile; fileRef = 6FD890D81E0A2822002F01C4 /* LocationSelectModalViewController.m */; };
		6FD890DC1E0A2A5B002F01C4 /* LocationCollectionViewCell.m in Sources */ = {isa = PBXBuildFile; fileRef = 6FD890DB1E0A2A5B002F01C4 /* LocationCollectionViewCell.m */; };
		6FE6EF0B1E0976820017FE95 /* SignUpViewController.m in Sources */ = {isa = PBXBuildFile; fileRef = 6FE6EF0A1E0976820017FE95 /* SignUpViewController.m */; };
		6FEB0BB71E1E7D6600C9EBAB /* DesignerRankingNetworkService.m in Sources */ = {isa = PBXBuildFile; fileRef = 6FEB0BB61E1E7D6600C9EBAB /* DesignerRankingNetworkService.m */; };
/* End PBXBuildFile section */

/* Begin PBXFileReference section */
		389B981473414EC7CE682DB1 /* Pods-Chair.debug.xcconfig */ = {isa = PBXFileReference; includeInIndex = 1; lastKnownFileType = text.xcconfig; name = "Pods-Chair.debug.xcconfig"; path = "Pods/Target Support Files/Pods-Chair/Pods-Chair.debug.xcconfig"; sourceTree = "<group>"; };
		546318DA1DE545F9005A3F4C /* Chair.app */ = {isa = PBXFileReference; explicitFileType = wrapper.application; includeInIndex = 0; path = Chair.app; sourceTree = BUILT_PRODUCTS_DIR; };
		546318DE1DE545F9005A3F4C /* main.m */ = {isa = PBXFileReference; lastKnownFileType = sourcecode.c.objc; path = main.m; sourceTree = "<group>"; };
		546318E01DE545F9005A3F4C /* AppDelegate.h */ = {isa = PBXFileReference; lastKnownFileType = sourcecode.c.h; path = AppDelegate.h; sourceTree = "<group>"; };
		546318E11DE545F9005A3F4C /* AppDelegate.m */ = {isa = PBXFileReference; lastKnownFileType = sourcecode.c.objc; path = AppDelegate.m; sourceTree = "<group>"; };
		546318E71DE545F9005A3F4C /* Base */ = {isa = PBXFileReference; lastKnownFileType = file.storyboard; name = Base; path = Base.lproj/Main.storyboard; sourceTree = "<group>"; };
		546318E91DE545F9005A3F4C /* Assets.xcassets */ = {isa = PBXFileReference; lastKnownFileType = folder.assetcatalog; path = Assets.xcassets; sourceTree = "<group>"; };
		546318EC1DE545F9005A3F4C /* Base */ = {isa = PBXFileReference; lastKnownFileType = file.storyboard; name = Base; path = Base.lproj/LaunchScreen.storyboard; sourceTree = "<group>"; };
		546318EE1DE545F9005A3F4C /* Info.plist */ = {isa = PBXFileReference; lastKnownFileType = text.plist.xml; path = Info.plist; sourceTree = "<group>"; };
		546318F51DE546B9005A3F4C /* LoginNetworkService.h */ = {isa = PBXFileReference; fileEncoding = 4; lastKnownFileType = sourcecode.c.h; path = LoginNetworkService.h; sourceTree = "<group>"; };
		546318F61DE546B9005A3F4C /* LoginNetworkService.m */ = {isa = PBXFileReference; fileEncoding = 4; lastKnownFileType = sourcecode.c.objc; path = LoginNetworkService.m; sourceTree = "<group>"; };
		546318FB1DE54981005A3F4C /* Foundation.framework */ = {isa = PBXFileReference; lastKnownFileType = wrapper.framework; name = Foundation.framework; path = System/Library/Frameworks/Foundation.framework; sourceTree = SDKROOT; };
		6F0AC1591DFBD69000988A0F /* NotoSansKR-Bold-Hestia.otf */ = {isa = PBXFileReference; lastKnownFileType = file; path = "NotoSansKR-Bold-Hestia.otf"; sourceTree = "<group>"; };
		6F0AC15A1DFBD69000988A0F /* NotoSansKR-DemiLight-Hestia.otf */ = {isa = PBXFileReference; lastKnownFileType = file; path = "NotoSansKR-DemiLight-Hestia.otf"; sourceTree = "<group>"; };
		6F0AC15B1DFBD69000988A0F /* NotoSansKR-Light-Hestia.otf */ = {isa = PBXFileReference; lastKnownFileType = file; path = "NotoSansKR-Light-Hestia.otf"; sourceTree = "<group>"; };
		6F0AC15C1DFBD69000988A0F /* NotoSansKR-Medium-Hestia.otf */ = {isa = PBXFileReference; lastKnownFileType = file; path = "NotoSansKR-Medium-Hestia.otf"; sourceTree = "<group>"; };
		6F0AC15D1DFBD69000988A0F /* NotoSansKR-Regular-Hestia.otf */ = {isa = PBXFileReference; lastKnownFileType = file; path = "NotoSansKR-Regular-Hestia.otf"; sourceTree = "<group>"; };
		6F0AC1661DFBDC4B00988A0F /* SplashViewController.h */ = {isa = PBXFileReference; fileEncoding = 4; lastKnownFileType = sourcecode.c.h; path = SplashViewController.h; sourceTree = "<group>"; };
		6F0AC1671DFBDC4B00988A0F /* SplashViewController.m */ = {isa = PBXFileReference; fileEncoding = 4; lastKnownFileType = sourcecode.c.objc; path = SplashViewController.m; sourceTree = "<group>"; };
		6F0AC16A1DFBE01600988A0F /* LoginViewController.h */ = {isa = PBXFileReference; fileEncoding = 4; lastKnownFileType = sourcecode.c.h; path = LoginViewController.h; sourceTree = "<group>"; };
		6F0AC16B1DFBE01600988A0F /* LoginViewController.m */ = {isa = PBXFileReference; fileEncoding = 4; lastKnownFileType = sourcecode.c.objc; path = LoginViewController.m; sourceTree = "<group>"; };
		6F0C72C21E1D45B400995983 /* RankingBetterDesignerCollectionViewCell.h */ = {isa = PBXFileReference; fileEncoding = 4; lastKnownFileType = sourcecode.c.h; path = RankingBetterDesignerCollectionViewCell.h; sourceTree = "<group>"; };
		6F0C72C31E1D45B400995983 /* RankingBetterDesignerCollectionViewCell.m */ = {isa = PBXFileReference; fileEncoding = 4; lastKnownFileType = sourcecode.c.objc; path = RankingBetterDesignerCollectionViewCell.m; sourceTree = "<group>"; };
		6F0C72C51E1D45C500995983 /* RankingNormalDesignerCollectionViewCell.h */ = {isa = PBXFileReference; fileEncoding = 4; lastKnownFileType = sourcecode.c.h; path = RankingNormalDesignerCollectionViewCell.h; sourceTree = "<group>"; };
		6F0C72C61E1D45C500995983 /* RankingNormalDesignerCollectionViewCell.m */ = {isa = PBXFileReference; fileEncoding = 4; lastKnownFileType = sourcecode.c.objc; path = RankingNormalDesignerCollectionViewCell.m; sourceTree = "<group>"; };
		6F1782991E4C2533002CA881 /* MyPageCustomerViewController.h */ = {isa = PBXFileReference; fileEncoding = 4; lastKnownFileType = sourcecode.c.h; path = MyPageCustomerViewController.h; sourceTree = "<group>"; };
		6F17829A1E4C2533002CA881 /* MyPageCustomerViewController.m */ = {isa = PBXFileReference; fileEncoding = 4; lastKnownFileType = sourcecode.c.objc; path = MyPageCustomerViewController.m; sourceTree = "<group>"; };
		6F192D861E62FCFC0002A0EB /* SocialLoginNetworkService.h */ = {isa = PBXFileReference; fileEncoding = 4; lastKnownFileType = sourcecode.c.h; path = SocialLoginNetworkService.h; sourceTree = "<group>"; };
		6F192D871E62FCFC0002A0EB /* SocialLoginNetworkService.m */ = {isa = PBXFileReference; fileEncoding = 4; lastKnownFileType = sourcecode.c.objc; path = SocialLoginNetworkService.m; sourceTree = "<group>"; };
		6F1BE7CC1E28D9D10094A55A /* DesignerListInALocation.h */ = {isa = PBXFileReference; fileEncoding = 4; lastKnownFileType = sourcecode.c.h; path = DesignerListInALocation.h; sourceTree = "<group>"; };
		6F1BE7CD1E28D9D10094A55A /* DesignerListInALocation.m */ = {isa = PBXFileReference; fileEncoding = 4; lastKnownFileType = sourcecode.c.objc; path = DesignerListInALocation.m; sourceTree = "<group>"; };
		6F1E12D91EAB499200B19468 /* NameEditModalViewController.h */ = {isa = PBXFileReference; fileEncoding = 4; lastKnownFileType = sourcecode.c.h; path = NameEditModalViewController.h; sourceTree = "<group>"; };
		6F1E12DA1EAB499200B19468 /* NameEditModalViewController.m */ = {isa = PBXFileReference; fileEncoding = 4; lastKnownFileType = sourcecode.c.objc; path = NameEditModalViewController.m; sourceTree = "<group>"; };
		6F240CDC1E164062002C42EE /* ColorValue.h */ = {isa = PBXFileReference; fileEncoding = 4; lastKnownFileType = sourcecode.c.h; path = ColorValue.h; sourceTree = "<group>"; };
		6F240CDD1E164062002C42EE /* ColorValue.m */ = {isa = PBXFileReference; fileEncoding = 4; lastKnownFileType = sourcecode.c.objc; path = ColorValue.m; sourceTree = "<group>"; };
		6F26D6971E18C0E900F0C03E /* Location.h */ = {isa = PBXFileReference; fileEncoding = 4; lastKnownFileType = sourcecode.c.h; path = Location.h; sourceTree = "<group>"; };
		6F26D6981E18C0E900F0C03E /* Location.m */ = {isa = PBXFileReference; fileEncoding = 4; lastKnownFileType = sourcecode.c.objc; path = Location.m; sourceTree = "<group>"; };
		6F26D69A1E18CDE500F0C03E /* SignUpNetworkService.h */ = {isa = PBXFileReference; fileEncoding = 4; lastKnownFileType = sourcecode.c.h; path = SignUpNetworkService.h; sourceTree = "<group>"; };
		6F26D69B1E18CDE500F0C03E /* SignUpNetworkService.m */ = {isa = PBXFileReference; fileEncoding = 4; lastKnownFileType = sourcecode.c.objc; path = SignUpNetworkService.m; sourceTree = "<group>"; };
		6F26D6A11E19226E00F0C03E /* DesignerRankingViewController.h */ = {isa = PBXFileReference; fileEncoding = 4; lastKnownFileType = sourcecode.c.h; path = DesignerRankingViewController.h; sourceTree = "<group>"; };
		6F26D6A21E19226E00F0C03E /* DesignerRankingViewController.m */ = {isa = PBXFileReference; fileEncoding = 4; lastKnownFileType = sourcecode.c.objc; path = DesignerRankingViewController.m; sourceTree = "<group>"; };
		6F26D6A41E1922B400F0C03E /* SideMenuViewController.h */ = {isa = PBXFileReference; fileEncoding = 4; lastKnownFileType = sourcecode.c.h; path = SideMenuViewController.h; sourceTree = "<group>"; };
		6F26D6A51E1922B400F0C03E /* SideMenuViewController.m */ = {isa = PBXFileReference; fileEncoding = 4; lastKnownFileType = sourcecode.c.objc; path = SideMenuViewController.m; sourceTree = "<group>"; };
		6F3887241E6443C400D5B0DC /* GetPriceInfoOfDesigner.h */ = {isa = PBXFileReference; fileEncoding = 4; lastKnownFileType = sourcecode.c.h; path = GetPriceInfoOfDesigner.h; sourceTree = "<group>"; };
		6F3887251E6443C400D5B0DC /* GetPriceInfoOfDesigner.m */ = {isa = PBXFileReference; fileEncoding = 4; lastKnownFileType = sourcecode.c.objc; path = GetPriceInfoOfDesigner.m; sourceTree = "<group>"; };
		6F3896C81ECD7763006B85C2 /* StyleWebViewController.h */ = {isa = PBXFileReference; fileEncoding = 4; lastKnownFileType = sourcecode.c.h; path = StyleWebViewController.h; sourceTree = "<group>"; };
		6F3896C91ECD7763006B85C2 /* StyleWebViewController.m */ = {isa = PBXFileReference; fileEncoding = 4; lastKnownFileType = sourcecode.c.objc; path = StyleWebViewController.m; sourceTree = "<group>"; };
		6F3B46E11E62A91A007ADAB4 /* MeasurementHelper.h */ = {isa = PBXFileReference; fileEncoding = 4; lastKnownFileType = sourcecode.c.h; path = MeasurementHelper.h; sourceTree = "<group>"; };
		6F3B46E21E62A91A007ADAB4 /* MeasurementHelper.m */ = {isa = PBXFileReference; fileEncoding = 4; lastKnownFileType = sourcecode.c.objc; path = MeasurementHelper.m; sourceTree = "<group>"; };
		6F3B46E41E62B0DB007ADAB4 /* CheckEmailFormatHelper.h */ = {isa = PBXFileReference; fileEncoding = 4; lastKnownFileType = sourcecode.c.h; path = CheckEmailFormatHelper.h; sourceTree = "<group>"; };
		6F3B46E51E62B0DB007ADAB4 /* CheckEmailFormatHelper.m */ = {isa = PBXFileReference; fileEncoding = 4; lastKnownFileType = sourcecode.c.objc; path = CheckEmailFormatHelper.m; sourceTree = "<group>"; };
		6F48C5581E5573FC00105EF5 /* IsTempLocation.h */ = {isa = PBXFileReference; fileEncoding = 4; lastKnownFileType = sourcecode.c.h; path = IsTempLocation.h; sourceTree = "<group>"; };
		6F48C5591E5573FC00105EF5 /* IsTempLocation.m */ = {isa = PBXFileReference; fileEncoding = 4; lastKnownFileType = sourcecode.c.objc; path = IsTempLocation.m; sourceTree = "<group>"; };
		6F48C55B1E5576F700105EF5 /* EditMyPageNetworkService.h */ = {isa = PBXFileReference; fileEncoding = 4; lastKnownFileType = sourcecode.c.h; path = EditMyPageNetworkService.h; sourceTree = "<group>"; };
		6F48C55C1E5576F700105EF5 /* EditMyPageNetworkService.m */ = {isa = PBXFileReference; fileEncoding = 4; lastKnownFileType = sourcecode.c.objc; path = EditMyPageNetworkService.m; sourceTree = "<group>"; };
		6F4D72FD1E261A06005F3730 /* DesignerAddNetworkService.h */ = {isa = PBXFileReference; fileEncoding = 4; lastKnownFileType = sourcecode.c.h; path = DesignerAddNetworkService.h; sourceTree = "<group>"; };
		6F4D72FE1E261A06005F3730 /* DesignerAddNetworkService.m */ = {isa = PBXFileReference; fileEncoding = 4; lastKnownFileType = sourcecode.c.objc; path = DesignerAddNetworkService.m; sourceTree = "<group>"; };
		6F4D73001E2620B8005F3730 /* DesignerCancelNetworkService.h */ = {isa = PBXFileReference; fileEncoding = 4; lastKnownFileType = sourcecode.c.h; path = DesignerCancelNetworkService.h; sourceTree = "<group>"; };
		6F4D73011E2620B8005F3730 /* DesignerCancelNetworkService.m */ = {isa = PBXFileReference; fileEncoding = 4; lastKnownFileType = sourcecode.c.objc; path = DesignerCancelNetworkService.m; sourceTree = "<group>"; };
		6F4D73031E2631AD005F3730 /* ConfirmCancelAboutMyDesignerViewController.h */ = {isa = PBXFileReference; fileEncoding = 4; lastKnownFileType = sourcecode.c.h; path = ConfirmCancelAboutMyDesignerViewController.h; sourceTree = "<group>"; };
		6F4D73041E2631AD005F3730 /* ConfirmCancelAboutMyDesignerViewController.m */ = {isa = PBXFileReference; fileEncoding = 4; lastKnownFileType = sourcecode.c.objc; path = ConfirmCancelAboutMyDesignerViewController.m; sourceTree = "<group>"; };
		6F4F3A881E20C779005BF0B8 /* RankingSectionHeaderCollectionReusableView.h */ = {isa = PBXFileReference; fileEncoding = 4; lastKnownFileType = sourcecode.c.h; path = RankingSectionHeaderCollectionReusableView.h; sourceTree = "<group>"; };
		6F4F3A891E20C779005BF0B8 /* RankingSectionHeaderCollectionReusableView.m */ = {isa = PBXFileReference; fileEncoding = 4; lastKnownFileType = sourcecode.c.objc; path = RankingSectionHeaderCollectionReusableView.m; sourceTree = "<group>"; };
		6F516D491E69A37E0025BB96 /* GoogleService-Info.plist */ = {isa = PBXFileReference; fileEncoding = 4; lastKnownFileType = text.plist.xml; path = "GoogleService-Info.plist"; sourceTree = "<group>"; };
		6F6983B91E2A119C00B36365 /* GetMyDesignerListNetworkService.h */ = {isa = PBXFileReference; fileEncoding = 4; lastKnownFileType = sourcecode.c.h; path = GetMyDesignerListNetworkService.h; sourceTree = "<group>"; };
		6F6983BA1E2A119C00B36365 /* GetMyDesignerListNetworkService.m */ = {isa = PBXFileReference; fileEncoding = 4; lastKnownFileType = sourcecode.c.objc; path = GetMyDesignerListNetworkService.m; sourceTree = "<group>"; };
		6F6AE9361E654F8F00D76ED7 /* ChattingRoomViewController.h */ = {isa = PBXFileReference; fileEncoding = 4; lastKnownFileType = sourcecode.c.h; path = ChattingRoomViewController.h; sourceTree = "<group>"; };
		6F6AE9371E654F8F00D76ED7 /* ChattingRoomViewController.m */ = {isa = PBXFileReference; fileEncoding = 4; lastKnownFileType = sourcecode.c.objc; path = ChattingRoomViewController.m; sourceTree = "<group>"; };
		6F6AE93C1E6550DB00D76ED7 /* SendMessageCollectionViewCell.h */ = {isa = PBXFileReference; fileEncoding = 4; lastKnownFileType = sourcecode.c.h; path = SendMessageCollectionViewCell.h; sourceTree = "<group>"; };
		6F6AE93D1E6550DB00D76ED7 /* SendMessageCollectionViewCell.m */ = {isa = PBXFileReference; fileEncoding = 4; lastKnownFileType = sourcecode.c.objc; path = SendMessageCollectionViewCell.m; sourceTree = "<group>"; };
		6F6AE93F1E6550EB00D76ED7 /* TakenMessgaeCollectionViewCell.h */ = {isa = PBXFileReference; fileEncoding = 4; lastKnownFileType = sourcecode.c.h; path = TakenMessgaeCollectionViewCell.h; sourceTree = "<group>"; };
		6F6AE9401E6550EB00D76ED7 /* TakenMessgaeCollectionViewCell.m */ = {isa = PBXFileReference; fileEncoding = 4; lastKnownFileType = sourcecode.c.objc; path = TakenMessgaeCollectionViewCell.m; sourceTree = "<group>"; };
		6F6E6BA01E8CC2E1009B4E0D /* CustomerListNetworkService.h */ = {isa = PBXFileReference; fileEncoding = 4; lastKnownFileType = sourcecode.c.h; path = CustomerListNetworkService.h; sourceTree = "<group>"; };
		6F6E6BA11E8CC2E2009B4E0D /* CustomerListNetworkService.m */ = {isa = PBXFileReference; fileEncoding = 4; lastKnownFileType = sourcecode.c.objc; path = CustomerListNetworkService.m; sourceTree = "<group>"; };
		6F7419F31E640451000CE39B /* DetailPriceDesignerCollectionViewCell.h */ = {isa = PBXFileReference; fileEncoding = 4; lastKnownFileType = sourcecode.c.h; path = DetailPriceDesignerCollectionViewCell.h; sourceTree = "<group>"; };
		6F7419F41E640451000CE39B /* DetailPriceDesignerCollectionViewCell.m */ = {isa = PBXFileReference; fileEncoding = 4; lastKnownFileType = sourcecode.c.objc; path = DetailPriceDesignerCollectionViewCell.m; sourceTree = "<group>"; };
		6F7419F61E640463000CE39B /* DetailPriceDesignerCollectionReusableView.h */ = {isa = PBXFileReference; fileEncoding = 4; lastKnownFileType = sourcecode.c.h; path = DetailPriceDesignerCollectionReusableView.h; sourceTree = "<group>"; };
		6F7419F71E640463000CE39B /* DetailPriceDesignerCollectionReusableView.m */ = {isa = PBXFileReference; fileEncoding = 4; lastKnownFileType = sourcecode.c.objc; path = DetailPriceDesignerCollectionReusableView.m; sourceTree = "<group>"; };
		6F7FA6951E8637A600398E02 /* BasicButton.h */ = {isa = PBXFileReference; fileEncoding = 4; lastKnownFileType = sourcecode.c.h; path = BasicButton.h; sourceTree = "<group>"; };
		6F7FA6961E8637A600398E02 /* BasicButton.m */ = {isa = PBXFileReference; fileEncoding = 4; lastKnownFileType = sourcecode.c.objc; path = BasicButton.m; sourceTree = "<group>"; };
		6F850B4F1E890FD600A72934 /* CustomerListModalViewController.h */ = {isa = PBXFileReference; fileEncoding = 4; lastKnownFileType = sourcecode.c.h; path = CustomerListModalViewController.h; sourceTree = "<group>"; };
		6F850B501E890FD600A72934 /* CustomerListModalViewController.m */ = {isa = PBXFileReference; fileEncoding = 4; lastKnownFileType = sourcecode.c.objc; path = CustomerListModalViewController.m; sourceTree = "<group>"; };
		6F94D6871E8BB46B0016893F /* CustomerListCollectionViewCell.h */ = {isa = PBXFileReference; fileEncoding = 4; lastKnownFileType = sourcecode.c.h; path = CustomerListCollectionViewCell.h; sourceTree = "<group>"; };
		6F94D6881E8BB46B0016893F /* CustomerListCollectionViewCell.m */ = {isa = PBXFileReference; fileEncoding = 4; lastKnownFileType = sourcecode.c.objc; path = CustomerListCollectionViewCell.m; sourceTree = "<group>"; };
		6F99B9741E5868D900DA0250 /* ImageResizeUtil.h */ = {isa = PBXFileReference; fileEncoding = 4; lastKnownFileType = sourcecode.c.h; path = ImageResizeUtil.h; sourceTree = "<group>"; };
		6F99B9751E5868D900DA0250 /* ImageResizeUtil.m */ = {isa = PBXFileReference; fileEncoding = 4; lastKnownFileType = sourcecode.c.objc; path = ImageResizeUtil.m; sourceTree = "<group>"; };
		6FC52D341E27817200221319 /* MyDesignerList.h */ = {isa = PBXFileReference; fileEncoding = 4; lastKnownFileType = sourcecode.c.h; path = MyDesignerList.h; sourceTree = "<group>"; };
		6FC52D351E27817200221319 /* MyDesignerList.m */ = {isa = PBXFileReference; fileEncoding = 4; lastKnownFileType = sourcecode.c.objc; path = MyDesignerList.m; sourceTree = "<group>"; };
		6FCABAD11E18072F0091ED9F /* LocationCollectionReusableView.h */ = {isa = PBXFileReference; fileEncoding = 4; lastKnownFileType = sourcecode.c.h; path = LocationCollectionReusableView.h; sourceTree = "<group>"; };
		6FCABAD21E18072F0091ED9F /* LocationCollectionReusableView.m */ = {isa = PBXFileReference; fileEncoding = 4; lastKnownFileType = sourcecode.c.objc; path = LocationCollectionReusableView.m; sourceTree = "<group>"; };
		6FCF1DF41E25489700CC91C6 /* FullChoiceAboutMyDesignerViewController.h */ = {isa = PBXFileReference; fileEncoding = 4; lastKnownFileType = sourcecode.c.h; path = FullChoiceAboutMyDesignerViewController.h; sourceTree = "<group>"; };
		6FCF1DF51E25489700CC91C6 /* FullChoiceAboutMyDesignerViewController.m */ = {isa = PBXFileReference; fileEncoding = 4; lastKnownFileType = sourcecode.c.objc; path = FullChoiceAboutMyDesignerViewController.m; sourceTree = "<group>"; };
		6FCF1DF71E2548C900CC91C6 /* ConfirmChoiceAboutMyDesignerViewController.h */ = {isa = PBXFileReference; fileEncoding = 4; lastKnownFileType = sourcecode.c.h; path = ConfirmChoiceAboutMyDesignerViewController.h; sourceTree = "<group>"; };
		6FCF1DF81E2548C900CC91C6 /* ConfirmChoiceAboutMyDesignerViewController.m */ = {isa = PBXFileReference; fileEncoding = 4; lastKnownFileType = sourcecode.c.objc; path = ConfirmChoiceAboutMyDesignerViewController.m; sourceTree = "<group>"; };
		6FD3A23A1E272EE20019123D /* DetailDesignerInfoViewController.h */ = {isa = PBXFileReference; fileEncoding = 4; lastKnownFileType = sourcecode.c.h; path = DetailDesignerInfoViewController.h; sourceTree = "<group>"; };
		6FD3A23B1E272EE20019123D /* DetailDesignerInfoViewController.m */ = {isa = PBXFileReference; fileEncoding = 4; lastKnownFileType = sourcecode.c.objc; path = DetailDesignerInfoViewController.m; sourceTree = "<group>"; };
		6FD6337F1E87802500040698 /* ChatInfoNetworkService.h */ = {isa = PBXFileReference; fileEncoding = 4; lastKnownFileType = sourcecode.c.h; path = ChatInfoNetworkService.h; sourceTree = "<group>"; };
		6FD633801E87802500040698 /* ChatInfoNetworkService.m */ = {isa = PBXFileReference; fileEncoding = 4; lastKnownFileType = sourcecode.c.objc; path = ChatInfoNetworkService.m; sourceTree = "<group>"; };
		6FD890D71E0A2822002F01C4 /* LocationSelectModalViewController.h */ = {isa = PBXFileReference; fileEncoding = 4; lastKnownFileType = sourcecode.c.h; path = LocationSelectModalViewController.h; sourceTree = "<group>"; };
		6FD890D81E0A2822002F01C4 /* LocationSelectModalViewController.m */ = {isa = PBXFileReference; fileEncoding = 4; lastKnownFileType = sourcecode.c.objc; path = LocationSelectModalViewController.m; sourceTree = "<group>"; };
		6FD890DA1E0A2A5B002F01C4 /* LocationCollectionViewCell.h */ = {isa = PBXFileReference; fileEncoding = 4; lastKnownFileType = sourcecode.c.h; path = LocationCollectionViewCell.h; sourceTree = "<group>"; };
		6FD890DB1E0A2A5B002F01C4 /* LocationCollectionViewCell.m */ = {isa = PBXFileReference; fileEncoding = 4; lastKnownFileType = sourcecode.c.objc; path = LocationCollectionViewCell.m; sourceTree = "<group>"; };
		6FE6EF091E0976820017FE95 /* SignUpViewController.h */ = {isa = PBXFileReference; fileEncoding = 4; lastKnownFileType = sourcecode.c.h; path = SignUpViewController.h; sourceTree = "<group>"; };
		6FE6EF0A1E0976820017FE95 /* SignUpViewController.m */ = {isa = PBXFileReference; fileEncoding = 4; lastKnownFileType = sourcecode.c.objc; path = SignUpViewController.m; sourceTree = "<group>"; };
		6FEB0BB51E1E7D6600C9EBAB /* DesignerRankingNetworkService.h */ = {isa = PBXFileReference; fileEncoding = 4; lastKnownFileType = sourcecode.c.h; path = DesignerRankingNetworkService.h; sourceTree = "<group>"; };
		6FEB0BB61E1E7D6600C9EBAB /* DesignerRankingNetworkService.m */ = {isa = PBXFileReference; fileEncoding = 4; lastKnownFileType = sourcecode.c.objc; path = DesignerRankingNetworkService.m; sourceTree = "<group>"; };
		C4FA7C5C53E7EA4CCC56AB6C /* Pods-Chair.release.xcconfig */ = {isa = PBXFileReference; includeInIndex = 1; lastKnownFileType = text.xcconfig; name = "Pods-Chair.release.xcconfig"; path = "Pods/Target Support Files/Pods-Chair/Pods-Chair.release.xcconfig"; sourceTree = "<group>"; };
		F1EC83188A38E86B2952270D /* libPods-Chair.a */ = {isa = PBXFileReference; explicitFileType = archive.ar; includeInIndex = 0; path = "libPods-Chair.a"; sourceTree = BUILT_PRODUCTS_DIR; };
/* End PBXFileReference section */

/* Begin PBXFrameworksBuildPhase section */
		546318D71DE545F9005A3F4C /* Frameworks */ = {
			isa = PBXFrameworksBuildPhase;
			buildActionMask = 2147483647;
			files = (
				546318FC1DE54981005A3F4C /* Foundation.framework in Frameworks */,
				1EA066A141E366C74B4EDB58 /* libPods-Chair.a in Frameworks */,
			);
			runOnlyForDeploymentPostprocessing = 0;
		};
/* End PBXFrameworksBuildPhase section */

/* Begin PBXGroup section */
		546318D11DE545F9005A3F4C = {
			isa = PBXGroup;
			children = (
				546318DC1DE545F9005A3F4C /* Chair */,
				546318DB1DE545F9005A3F4C /* Products */,
				546318FA1DE54980005A3F4C /* Frameworks */,
				8BBA568ADB08AE91F1B214A9 /* Pods */,
			);
			sourceTree = "<group>";
		};
		546318DB1DE545F9005A3F4C /* Products */ = {
			isa = PBXGroup;
			children = (
				546318DA1DE545F9005A3F4C /* Chair.app */,
			);
			name = Products;
			sourceTree = "<group>";
		};
		546318DC1DE545F9005A3F4C /* Chair */ = {
			isa = PBXGroup;
			children = (
				6F99B9731E5868C600DA0250 /* Util */,
				6FCF1DF31E2547A400CC91C6 /* Popup */,
				6F8D34721DF855250045B579 /* VO */,
				546318E01DE545F9005A3F4C /* AppDelegate.h */,
				546318E11DE545F9005A3F4C /* AppDelegate.m */,
				6F0AC1691DFBDFED00988A0F /* ViewController */,
				546318F41DE5467A005A3F4C /* Network */,
				546318E91DE545F9005A3F4C /* Assets.xcassets */,
				546318E61DE545F9005A3F4C /* Main.storyboard */,
				546318EB1DE545F9005A3F4C /* LaunchScreen.storyboard */,
				6F516D491E69A37E0025BB96 /* GoogleService-Info.plist */,
				546318EE1DE545F9005A3F4C /* Info.plist */,
				546318DD1DE545F9005A3F4C /* Supporting Files */,
				6FD890DD1E0A2A64002F01C4 /* Cell */,
				6F240CDB1E163F58002C42EE /* ConstantValue */,
				6F4F3A871E20C741005BF0B8 /* Section */,
			);
			path = Chair;
			sourceTree = "<group>";
		};
		546318DD1DE545F9005A3F4C /* Supporting Files */ = {
			isa = PBXGroup;
			children = (
				6F0AC1591DFBD69000988A0F /* NotoSansKR-Bold-Hestia.otf */,
				6F0AC15A1DFBD69000988A0F /* NotoSansKR-DemiLight-Hestia.otf */,
				6F0AC15B1DFBD69000988A0F /* NotoSansKR-Light-Hestia.otf */,
				6F0AC15C1DFBD69000988A0F /* NotoSansKR-Medium-Hestia.otf */,
				6F0AC15D1DFBD69000988A0F /* NotoSansKR-Regular-Hestia.otf */,
				546318DE1DE545F9005A3F4C /* main.m */,
			);
			name = "Supporting Files";
			sourceTree = "<group>";
		};
		546318F41DE5467A005A3F4C /* Network */ = {
			isa = PBXGroup;
			children = (
				546318F51DE546B9005A3F4C /* LoginNetworkService.h */,
				546318F61DE546B9005A3F4C /* LoginNetworkService.m */,
				6F4D73001E2620B8005F3730 /* DesignerCancelNetworkService.h */,
				6F4D73011E2620B8005F3730 /* DesignerCancelNetworkService.m */,
				6F26D69A1E18CDE500F0C03E /* SignUpNetworkService.h */,
				6F26D69B1E18CDE500F0C03E /* SignUpNetworkService.m */,
				6FEB0BB51E1E7D6600C9EBAB /* DesignerRankingNetworkService.h */,
				6FEB0BB61E1E7D6600C9EBAB /* DesignerRankingNetworkService.m */,
				6F4D72FD1E261A06005F3730 /* DesignerAddNetworkService.h */,
				6F4D72FE1E261A06005F3730 /* DesignerAddNetworkService.m */,
				6F6983B91E2A119C00B36365 /* GetMyDesignerListNetworkService.h */,
				6F6983BA1E2A119C00B36365 /* GetMyDesignerListNetworkService.m */,
				6F48C55B1E5576F700105EF5 /* EditMyPageNetworkService.h */,
				6F48C55C1E5576F700105EF5 /* EditMyPageNetworkService.m */,
				6F192D861E62FCFC0002A0EB /* SocialLoginNetworkService.h */,
				6F192D871E62FCFC0002A0EB /* SocialLoginNetworkService.m */,
				6F3887241E6443C400D5B0DC /* GetPriceInfoOfDesigner.h */,
				6F3887251E6443C400D5B0DC /* GetPriceInfoOfDesigner.m */,
				6FD6337F1E87802500040698 /* ChatInfoNetworkService.h */,
				6FD633801E87802500040698 /* ChatInfoNetworkService.m */,
				6F6E6BA01E8CC2E1009B4E0D /* CustomerListNetworkService.h */,
				6F6E6BA11E8CC2E2009B4E0D /* CustomerListNetworkService.m */,
			);
			name = Network;
			sourceTree = "<group>";
		};
		546318FA1DE54980005A3F4C /* Frameworks */ = {
			isa = PBXGroup;
			children = (
				546318FB1DE54981005A3F4C /* Foundation.framework */,
				F1EC83188A38E86B2952270D /* libPods-Chair.a */,
			);
			name = Frameworks;
			sourceTree = "<group>";
		};
		6F0AC1691DFBDFED00988A0F /* ViewController */ = {
			isa = PBXGroup;
			children = (
				6F0AC1661DFBDC4B00988A0F /* SplashViewController.h */,
				6F0AC1671DFBDC4B00988A0F /* SplashViewController.m */,
				6F0AC16A1DFBE01600988A0F /* LoginViewController.h */,
				6F0AC16B1DFBE01600988A0F /* LoginViewController.m */,
				6FE6EF091E0976820017FE95 /* SignUpViewController.h */,
				6FE6EF0A1E0976820017FE95 /* SignUpViewController.m */,
				6F26D6A11E19226E00F0C03E /* DesignerRankingViewController.h */,
				6F26D6A21E19226E00F0C03E /* DesignerRankingViewController.m */,
				6F26D6A41E1922B400F0C03E /* SideMenuViewController.h */,
				6F26D6A51E1922B400F0C03E /* SideMenuViewController.m */,
				6FD3A23A1E272EE20019123D /* DetailDesignerInfoViewController.h */,
				6FD3A23B1E272EE20019123D /* DetailDesignerInfoViewController.m */,
				6F1782991E4C2533002CA881 /* MyPageCustomerViewController.h */,
				6F17829A1E4C2533002CA881 /* MyPageCustomerViewController.m */,
				6F6AE9361E654F8F00D76ED7 /* ChattingRoomViewController.h */,
				6F6AE9371E654F8F00D76ED7 /* ChattingRoomViewController.m */,
				6F3896C81ECD7763006B85C2 /* StyleWebViewController.h */,
				6F3896C91ECD7763006B85C2 /* StyleWebViewController.m */,
			);
			name = ViewController;
			sourceTree = "<group>";
		};
		6F240CDB1E163F58002C42EE /* ConstantValue */ = {
			isa = PBXGroup;
			children = (
				6F240CDC1E164062002C42EE /* ColorValue.h */,
				6F240CDD1E164062002C42EE /* ColorValue.m */,
				6F48C5581E5573FC00105EF5 /* IsTempLocation.h */,
				6F48C5591E5573FC00105EF5 /* IsTempLocation.m */,
				6F7FA6951E8637A600398E02 /* BasicButton.h */,
				6F7FA6961E8637A600398E02 /* BasicButton.m */,
			);
			name = ConstantValue;
			sourceTree = "<group>";
		};
		6F4F3A871E20C741005BF0B8 /* Section */ = {
			isa = PBXGroup;
			children = (
				6FCABAD11E18072F0091ED9F /* LocationCollectionReusableView.h */,
				6FCABAD21E18072F0091ED9F /* LocationCollectionReusableView.m */,
				6F4F3A881E20C779005BF0B8 /* RankingSectionHeaderCollectionReusableView.h */,
				6F4F3A891E20C779005BF0B8 /* RankingSectionHeaderCollectionReusableView.m */,
				6F7419F61E640463000CE39B /* DetailPriceDesignerCollectionReusableView.h */,
				6F7419F71E640463000CE39B /* DetailPriceDesignerCollectionReusableView.m */,
			);
			name = Section;
			sourceTree = "<group>";
		};
		6F8D34721DF855250045B579 /* VO */ = {
			isa = PBXGroup;
			children = (
				6F26D6971E18C0E900F0C03E /* Location.h */,
				6F26D6981E18C0E900F0C03E /* Location.m */,
				6FC52D341E27817200221319 /* MyDesignerList.h */,
				6FC52D351E27817200221319 /* MyDesignerList.m */,
				6F1BE7CC1E28D9D10094A55A /* DesignerListInALocation.h */,
				6F1BE7CD1E28D9D10094A55A /* DesignerListInALocation.m */,
			);
			name = VO;
			sourceTree = "<group>";
		};
		6F99B9731E5868C600DA0250 /* Util */ = {
			isa = PBXGroup;
			children = (
				6F99B9741E5868D900DA0250 /* ImageResizeUtil.h */,
				6F99B9751E5868D900DA0250 /* ImageResizeUtil.m */,
				6F3B46E11E62A91A007ADAB4 /* MeasurementHelper.h */,
				6F3B46E21E62A91A007ADAB4 /* MeasurementHelper.m */,
				6F3B46E41E62B0DB007ADAB4 /* CheckEmailFormatHelper.h */,
				6F3B46E51E62B0DB007ADAB4 /* CheckEmailFormatHelper.m */,
			);
			name = Util;
			sourceTree = "<group>";
		};
		6FCF1DF31E2547A400CC91C6 /* Popup */ = {
			isa = PBXGroup;
			children = (
				6FCF1DF41E25489700CC91C6 /* FullChoiceAboutMyDesignerViewController.h */,
				6FCF1DF51E25489700CC91C6 /* FullChoiceAboutMyDesignerViewController.m */,
				6FCF1DF71E2548C900CC91C6 /* ConfirmChoiceAboutMyDesignerViewController.h */,
				6FCF1DF81E2548C900CC91C6 /* ConfirmChoiceAboutMyDesignerViewController.m */,
				6F4D73031E2631AD005F3730 /* ConfirmCancelAboutMyDesignerViewController.h */,
				6F4D73041E2631AD005F3730 /* ConfirmCancelAboutMyDesignerViewController.m */,
				6FD890D71E0A2822002F01C4 /* LocationSelectModalViewController.h */,
				6FD890D81E0A2822002F01C4 /* LocationSelectModalViewController.m */,
				6F850B4F1E890FD600A72934 /* CustomerListModalViewController.h */,
				6F850B501E890FD600A72934 /* CustomerListModalViewController.m */,
				6F1E12D91EAB499200B19468 /* NameEditModalViewController.h */,
				6F1E12DA1EAB499200B19468 /* NameEditModalViewController.m */,
			);
			name = Popup;
			sourceTree = "<group>";
		};
		6FD890DD1E0A2A64002F01C4 /* Cell */ = {
			isa = PBXGroup;
			children = (
				6FD890DA1E0A2A5B002F01C4 /* LocationCollectionViewCell.h */,
				6FD890DB1E0A2A5B002F01C4 /* LocationCollectionViewCell.m */,
				6F0C72C21E1D45B400995983 /* RankingBetterDesignerCollectionViewCell.h */,
				6F0C72C31E1D45B400995983 /* RankingBetterDesignerCollectionViewCell.m */,
				6F0C72C51E1D45C500995983 /* RankingNormalDesignerCollectionViewCell.h */,
				6F0C72C61E1D45C500995983 /* RankingNormalDesignerCollectionViewCell.m */,
				6F7419F31E640451000CE39B /* DetailPriceDesignerCollectionViewCell.h */,
				6F7419F41E640451000CE39B /* DetailPriceDesignerCollectionViewCell.m */,
				6F6AE93C1E6550DB00D76ED7 /* SendMessageCollectionViewCell.h */,
				6F6AE93D1E6550DB00D76ED7 /* SendMessageCollectionViewCell.m */,
				6F6AE93F1E6550EB00D76ED7 /* TakenMessgaeCollectionViewCell.h */,
				6F6AE9401E6550EB00D76ED7 /* TakenMessgaeCollectionViewCell.m */,
				6F94D6871E8BB46B0016893F /* CustomerListCollectionViewCell.h */,
				6F94D6881E8BB46B0016893F /* CustomerListCollectionViewCell.m */,
			);
			name = Cell;
			sourceTree = "<group>";
		};
		8BBA568ADB08AE91F1B214A9 /* Pods */ = {
			isa = PBXGroup;
			children = (
				389B981473414EC7CE682DB1 /* Pods-Chair.debug.xcconfig */,
				C4FA7C5C53E7EA4CCC56AB6C /* Pods-Chair.release.xcconfig */,
			);
			name = Pods;
			sourceTree = "<group>";
		};
/* End PBXGroup section */

/* Begin PBXNativeTarget section */
		546318D91DE545F9005A3F4C /* Chair */ = {
			isa = PBXNativeTarget;
			buildConfigurationList = 546318F11DE545F9005A3F4C /* Build configuration list for PBXNativeTarget "Chair" */;
			buildPhases = (
				E1EC6FAB6E0157793FEF3E76 /* [CP] Check Pods Manifest.lock */,
				546318D61DE545F9005A3F4C /* Sources */,
				546318D71DE545F9005A3F4C /* Frameworks */,
				546318D81DE545F9005A3F4C /* Resources */,
				EA5B9285A89470CAA76339E1 /* [CP] Embed Pods Frameworks */,
				DFB1DF20B5BBEAB9677A6BCD /* [CP] Copy Pods Resources */,
			);
			buildRules = (
			);
			dependencies = (
			);
			name = Chair;
			productName = Chair;
			productReference = 546318DA1DE545F9005A3F4C /* Chair.app */;
			productType = "com.apple.product-type.application";
		};
/* End PBXNativeTarget section */

/* Begin PBXProject section */
		546318D21DE545F9005A3F4C /* Project object */ = {
			isa = PBXProject;
			attributes = {
				LastUpgradeCheck = 0810;
				ORGANIZATIONNAME = "최원영";
				TargetAttributes = {
					546318D91DE545F9005A3F4C = {
						CreatedOnToolsVersion = 8.0;
						DevelopmentTeam = ZNRXYK6RS7;
						ProvisioningStyle = Automatic;
					};
				};
			};
			buildConfigurationList = 546318D51DE545F9005A3F4C /* Build configuration list for PBXProject "Chair" */;
			compatibilityVersion = "Xcode 3.2";
			developmentRegion = English;
			hasScannedForEncodings = 0;
			knownRegions = (
				en,
				Base,
			);
			mainGroup = 546318D11DE545F9005A3F4C;
			productRefGroup = 546318DB1DE545F9005A3F4C /* Products */;
			projectDirPath = "";
			projectRoot = "";
			targets = (
				546318D91DE545F9005A3F4C /* Chair */,
			);
		};
/* End PBXProject section */

/* Begin PBXResourcesBuildPhase section */
		546318D81DE545F9005A3F4C /* Resources */ = {
			isa = PBXResourcesBuildPhase;
			buildActionMask = 2147483647;
			files = (
				6F0AC1621DFBD69000988A0F /* NotoSansKR-Light-Hestia.otf in Resources */,
				546318ED1DE545F9005A3F4C /* LaunchScreen.storyboard in Resources */,
				6F516D4A1E69A37E0025BB96 /* GoogleService-Info.plist in Resources */,
				546318EA1DE545F9005A3F4C /* Assets.xcassets in Resources */,
				6F0AC1611DFBD69000988A0F /* NotoSansKR-DemiLight-Hestia.otf in Resources */,
				6F0AC1601DFBD69000988A0F /* NotoSansKR-Bold-Hestia.otf in Resources */,
				6F0AC1641DFBD69000988A0F /* NotoSansKR-Regular-Hestia.otf in Resources */,
				6F0AC1631DFBD69000988A0F /* NotoSansKR-Medium-Hestia.otf in Resources */,
				546318E81DE545F9005A3F4C /* Main.storyboard in Resources */,
			);
			runOnlyForDeploymentPostprocessing = 0;
		};
/* End PBXResourcesBuildPhase section */

/* Begin PBXShellScriptBuildPhase section */
		DFB1DF20B5BBEAB9677A6BCD /* [CP] Copy Pods Resources */ = {
			isa = PBXShellScriptBuildPhase;
			buildActionMask = 2147483647;
			files = (
			);
			inputPaths = (
			);
			name = "[CP] Copy Pods Resources";
			outputPaths = (
			);
			runOnlyForDeploymentPostprocessing = 0;
			shellPath = /bin/sh;
			shellScript = "\"${SRCROOT}/Pods/Target Support Files/Pods-Chair/Pods-Chair-resources.sh\"\n";
			showEnvVarsInLog = 0;
		};
		E1EC6FAB6E0157793FEF3E76 /* [CP] Check Pods Manifest.lock */ = {
			isa = PBXShellScriptBuildPhase;
			buildActionMask = 2147483647;
			files = (
			);
			inputPaths = (
			);
			name = "[CP] Check Pods Manifest.lock";
			outputPaths = (
			);
			runOnlyForDeploymentPostprocessing = 0;
			shellPath = /bin/sh;
			shellScript = "diff \"${PODS_ROOT}/../Podfile.lock\" \"${PODS_ROOT}/Manifest.lock\" > /dev/null\nif [ $? != 0 ] ; then\n    # print error to STDERR\n    echo \"error: The sandbox is not in sync with the Podfile.lock. Run 'pod install' or update your CocoaPods installation.\" >&2\n    exit 1\nfi\n";
			showEnvVarsInLog = 0;
		};
		EA5B9285A89470CAA76339E1 /* [CP] Embed Pods Frameworks */ = {
			isa = PBXShellScriptBuildPhase;
			buildActionMask = 2147483647;
			files = (
			);
			inputPaths = (
			);
			name = "[CP] Embed Pods Frameworks";
			outputPaths = (
			);
			runOnlyForDeploymentPostprocessing = 0;
			shellPath = /bin/sh;
			shellScript = "\"${SRCROOT}/Pods/Target Support Files/Pods-Chair/Pods-Chair-frameworks.sh\"\n";
			showEnvVarsInLog = 0;
		};
/* End PBXShellScriptBuildPhase section */

/* Begin PBXSourcesBuildPhase section */
		546318D61DE545F9005A3F4C /* Sources */ = {
			isa = PBXSourcesBuildPhase;
			buildActionMask = 2147483647;
			files = (
				6F6AE93E1E6550DB00D76ED7 /* SendMessageCollectionViewCell.m in Sources */,
				6F0AC1681DFBDC4B00988A0F /* SplashViewController.m in Sources */,
				546318F71DE546B9005A3F4C /* LoginNetworkService.m in Sources */,
				6F0AC16C1DFBE01600988A0F /* LoginViewController.m in Sources */,
				6F3896CA1ECD7763006B85C2 /* StyleWebViewController.m in Sources */,
				6F6AE9411E6550EB00D76ED7 /* TakenMessgaeCollectionViewCell.m in Sources */,
				6F4D73021E2620B8005F3730 /* DesignerCancelNetworkService.m in Sources */,
				6FD890D91E0A2822002F01C4 /* LocationSelectModalViewController.m in Sources */,
				6F0C72C41E1D45B400995983 /* RankingBetterDesignerCollectionViewCell.m in Sources */,
				6F94D6891E8BB46B0016893F /* CustomerListCollectionViewCell.m in Sources */,
				6F26D6991E18C0E900F0C03E /* Location.m in Sources */,
				6F3B46E61E62B0DB007ADAB4 /* CheckEmailFormatHelper.m in Sources */,
				6F26D6A31E19226E00F0C03E /* DesignerRankingViewController.m in Sources */,
				6F7419F51E640451000CE39B /* DetailPriceDesignerCollectionViewCell.m in Sources */,
				6F850B511E890FD600A72934 /* CustomerListModalViewController.m in Sources */,
				546318E21DE545F9005A3F4C /* AppDelegate.m in Sources */,
				6F17829B1E4C2533002CA881 /* MyPageCustomerViewController.m in Sources */,
				6FD633811E87802500040698 /* ChatInfoNetworkService.m in Sources */,
				6FC52D361E27817200221319 /* MyDesignerList.m in Sources */,
				6F4D73051E2631AD005F3730 /* ConfirmCancelAboutMyDesignerViewController.m in Sources */,
				6F26D69C1E18CDE500F0C03E /* SignUpNetworkService.m in Sources */,
				6F1BE7CE1E28D9D10094A55A /* DesignerListInALocation.m in Sources */,
				6FCF1DF61E25489700CC91C6 /* FullChoiceAboutMyDesignerViewController.m in Sources */,
				6FCABAD31E18072F0091ED9F /* LocationCollectionReusableView.m in Sources */,
				6F192D881E62FCFC0002A0EB /* SocialLoginNetworkService.m in Sources */,
				6FEB0BB71E1E7D6600C9EBAB /* DesignerRankingNetworkService.m in Sources */,
				6F48C55D1E5576F700105EF5 /* EditMyPageNetworkService.m in Sources */,
				6F4F3A8A1E20C779005BF0B8 /* RankingSectionHeaderCollectionReusableView.m in Sources */,
				6FE6EF0B1E0976820017FE95 /* SignUpViewController.m in Sources */,
				6F6AE9381E654F8F00D76ED7 /* ChattingRoomViewController.m in Sources */,
				6F7419F81E640463000CE39B /* DetailPriceDesignerCollectionReusableView.m in Sources */,
				6F3B46E31E62A91A007ADAB4 /* MeasurementHelper.m in Sources */,
				6F3887261E6443C400D5B0DC /* GetPriceInfoOfDesigner.m in Sources */,
				546318DF1DE545F9005A3F4C /* main.m in Sources */,
				6FD890DC1E0A2A5B002F01C4 /* LocationCollectionViewCell.m in Sources */,
				6F26D6A61E1922B400F0C03E /* SideMenuViewController.m in Sources */,
				6FCF1DF91E2548C900CC91C6 /* ConfirmChoiceAboutMyDesignerViewController.m in Sources */,
				6FD3A23C1E272EE20019123D /* DetailDesignerInfoViewController.m in Sources */,
				6F6983BB1E2A119C00B36365 /* GetMyDesignerListNetworkService.m in Sources */,
				6F99B9761E5868D900DA0250 /* ImageResizeUtil.m in Sources */,
				6F4D72FF1E261A06005F3730 /* DesignerAddNetworkService.m in Sources */,
				6F240CDE1E164062002C42EE /* ColorValue.m in Sources */,
				6F1E12DB1EAB499200B19468 /* NameEditModalViewController.m in Sources */,
				6F0C72C71E1D45C500995983 /* RankingNormalDesignerCollectionViewCell.m in Sources */,
				6F48C55A1E5573FC00105EF5 /* IsTempLocation.m in Sources */,
				6F6E6BA21E8CC2E2009B4E0D /* CustomerListNetworkService.m in Sources */,
				6F7FA6971E8637A600398E02 /* BasicButton.m in Sources */,
			);
			runOnlyForDeploymentPostprocessing = 0;
		};
/* End PBXSourcesBuildPhase section */

/* Begin PBXVariantGroup section */
		546318E61DE545F9005A3F4C /* Main.storyboard */ = {
			isa = PBXVariantGroup;
			children = (
				546318E71DE545F9005A3F4C /* Base */,
			);
			name = Main.storyboard;
			sourceTree = "<group>";
		};
		546318EB1DE545F9005A3F4C /* LaunchScreen.storyboard */ = {
			isa = PBXVariantGroup;
			children = (
				546318EC1DE545F9005A3F4C /* Base */,
			);
			name = LaunchScreen.storyboard;
			sourceTree = "<group>";
		};
/* End PBXVariantGroup section */

/* Begin XCBuildConfiguration section */
		546318EF1DE545F9005A3F4C /* Debug */ = {
			isa = XCBuildConfiguration;
			buildSettings = {
				ALWAYS_SEARCH_USER_PATHS = NO;
				CLANG_ANALYZER_LOCALIZABILITY_NONLOCALIZED = YES;
				CLANG_ANALYZER_NONNULL = YES;
				CLANG_CXX_LANGUAGE_STANDARD = "gnu++0x";
				CLANG_CXX_LIBRARY = "libc++";
				CLANG_ENABLE_MODULES = YES;
				CLANG_ENABLE_OBJC_ARC = YES;
				CLANG_WARN_BOOL_CONVERSION = YES;
				CLANG_WARN_CONSTANT_CONVERSION = YES;
				CLANG_WARN_DIRECT_OBJC_ISA_USAGE = YES_ERROR;
				CLANG_WARN_DOCUMENTATION_COMMENTS = YES;
				CLANG_WARN_EMPTY_BODY = YES;
				CLANG_WARN_ENUM_CONVERSION = YES;
				CLANG_WARN_INFINITE_RECURSION = YES;
				CLANG_WARN_INT_CONVERSION = YES;
				CLANG_WARN_OBJC_ROOT_CLASS = YES_ERROR;
				CLANG_WARN_SUSPICIOUS_MOVE = YES;
				CLANG_WARN_SUSPICIOUS_MOVES = YES;
				CLANG_WARN_UNREACHABLE_CODE = YES;
				CLANG_WARN__DUPLICATE_METHOD_MATCH = YES;
				"CODE_SIGN_IDENTITY[sdk=iphoneos*]" = "iPhone Developer";
				COPY_PHASE_STRIP = NO;
				DEBUG_INFORMATION_FORMAT = dwarf;
				ENABLE_STRICT_OBJC_MSGSEND = YES;
				ENABLE_TESTABILITY = YES;
				GCC_C_LANGUAGE_STANDARD = gnu99;
				GCC_DYNAMIC_NO_PIC = NO;
				GCC_NO_COMMON_BLOCKS = YES;
				GCC_OPTIMIZATION_LEVEL = 0;
				GCC_PREPROCESSOR_DEFINITIONS = (
					"DEBUG=1",
					"$(inherited)",
				);
				GCC_WARN_64_TO_32_BIT_CONVERSION = YES;
				GCC_WARN_ABOUT_RETURN_TYPE = YES_ERROR;
				GCC_WARN_UNDECLARED_SELECTOR = YES;
				GCC_WARN_UNINITIALIZED_AUTOS = YES_AGGRESSIVE;
				GCC_WARN_UNUSED_FUNCTION = YES;
				GCC_WARN_UNUSED_VARIABLE = YES;
				IPHONEOS_DEPLOYMENT_TARGET = 10.0;
				MTL_ENABLE_DEBUG_INFO = YES;
				ONLY_ACTIVE_ARCH = YES;
				SDKROOT = iphoneos;
			};
			name = Debug;
		};
		546318F01DE545F9005A3F4C /* Release */ = {
			isa = XCBuildConfiguration;
			buildSettings = {
				ALWAYS_SEARCH_USER_PATHS = NO;
				CLANG_ANALYZER_LOCALIZABILITY_NONLOCALIZED = YES;
				CLANG_ANALYZER_NONNULL = YES;
				CLANG_CXX_LANGUAGE_STANDARD = "gnu++0x";
				CLANG_CXX_LIBRARY = "libc++";
				CLANG_ENABLE_MODULES = YES;
				CLANG_ENABLE_OBJC_ARC = YES;
				CLANG_WARN_BOOL_CONVERSION = YES;
				CLANG_WARN_CONSTANT_CONVERSION = YES;
				CLANG_WARN_DIRECT_OBJC_ISA_USAGE = YES_ERROR;
				CLANG_WARN_DOCUMENTATION_COMMENTS = YES;
				CLANG_WARN_EMPTY_BODY = YES;
				CLANG_WARN_ENUM_CONVERSION = YES;
				CLANG_WARN_INFINITE_RECURSION = YES;
				CLANG_WARN_INT_CONVERSION = YES;
				CLANG_WARN_OBJC_ROOT_CLASS = YES_ERROR;
				CLANG_WARN_SUSPICIOUS_MOVE = YES;
				CLANG_WARN_SUSPICIOUS_MOVES = YES;
				CLANG_WARN_UNREACHABLE_CODE = YES;
				CLANG_WARN__DUPLICATE_METHOD_MATCH = YES;
				"CODE_SIGN_IDENTITY[sdk=iphoneos*]" = "iPhone Developer";
				COPY_PHASE_STRIP = NO;
				DEBUG_INFORMATION_FORMAT = "dwarf-with-dsym";
				ENABLE_NS_ASSERTIONS = NO;
				ENABLE_STRICT_OBJC_MSGSEND = YES;
				GCC_C_LANGUAGE_STANDARD = gnu99;
				GCC_NO_COMMON_BLOCKS = YES;
				GCC_WARN_64_TO_32_BIT_CONVERSION = YES;
				GCC_WARN_ABOUT_RETURN_TYPE = YES_ERROR;
				GCC_WARN_UNDECLARED_SELECTOR = YES;
				GCC_WARN_UNINITIALIZED_AUTOS = YES_AGGRESSIVE;
				GCC_WARN_UNUSED_FUNCTION = YES;
				GCC_WARN_UNUSED_VARIABLE = YES;
				IPHONEOS_DEPLOYMENT_TARGET = 10.0;
				MTL_ENABLE_DEBUG_INFO = NO;
				SDKROOT = iphoneos;
				VALIDATE_PRODUCT = YES;
			};
			name = Release;
		};
		546318F21DE545F9005A3F4C /* Debug */ = {
			isa = XCBuildConfiguration;
			baseConfigurationReference = 389B981473414EC7CE682DB1 /* Pods-Chair.debug.xcconfig */;
			buildSettings = {
				ASSETCATALOG_COMPILER_APPICON_NAME = AppIcon;
				DEVELOPMENT_TEAM = ZNRXYK6RS7;
				FRAMEWORK_SEARCH_PATHS = (
					"$(inherited)",
					"$(PROJECT_DIR)",
				);
				INFOPLIST_FILE = Chair/Info.plist;
				IPHONEOS_DEPLOYMENT_TARGET = 9.0;
				LD_RUNPATH_SEARCH_PATHS = "$(inherited) @executable_path/Frameworks";
				PRODUCT_BUNDLE_IDENTIFIER = kr.co.choosehair.young.chair;
				PRODUCT_NAME = "$(TARGET_NAME)";
			};
			name = Debug;
		};
		546318F31DE545F9005A3F4C /* Release */ = {
			isa = XCBuildConfiguration;
			baseConfigurationReference = C4FA7C5C53E7EA4CCC56AB6C /* Pods-Chair.release.xcconfig */;
			buildSettings = {
				ASSETCATALOG_COMPILER_APPICON_NAME = AppIcon;
				DEVELOPMENT_TEAM = ZNRXYK6RS7;
				FRAMEWORK_SEARCH_PATHS = (
					"$(inherited)",
					"$(PROJECT_DIR)",
				);
				INFOPLIST_FILE = Chair/Info.plist;
				IPHONEOS_DEPLOYMENT_TARGET = 9.0;
				LD_RUNPATH_SEARCH_PATHS = "$(inherited) @executable_path/Frameworks";
				PRODUCT_BUNDLE_IDENTIFIER = kr.co.choosehair.young.chair;
				PRODUCT_NAME = "$(TARGET_NAME)";
			};
			name = Release;
		};
/* End XCBuildConfiguration section */

/* Begin XCConfigurationList section */
		546318D51DE545F9005A3F4C /* Build configuration list for PBXProject "Chair" */ = {
			isa = XCConfigurationList;
			buildConfigurations = (
				546318EF1DE545F9005A3F4C /* Debug */,
				546318F01DE545F9005A3F4C /* Release */,
			);
			defaultConfigurationIsVisible = 0;
			defaultConfigurationName = Release;
		};
		546318F11DE545F9005A3F4C /* Build configuration list for PBXNativeTarget "Chair" */ = {
			isa = XCConfigurationList;
			buildConfigurations = (
				546318F21DE545F9005A3F4C /* Debug */,
				546318F31DE545F9005A3F4C /* Release */,
			);
			defaultConfigurationIsVisible = 0;
			defaultConfigurationName = Release;
		};
/* End XCConfigurationList section */
	};
	rootObject = 546318D21DE545F9005A3F4C /* Project object */;
}
